[[package]]
name = "mutagen"
version = "1.46.0"
description = "read and write audio tags for many formats"
category = "main"
optional = false
python-versions = ">=3.7"

[metadata]
lock-version = "1.1"
python-versions = "^3.11"
content-hash = "784a95545d8dec596d1f6df9418b65fad5646cfc15c09a96b1f0be012071dd00"

[metadata.files]
mutagen = [
    {file = "mutagen-1.46.0-py3-none-any.whl", hash = "sha256:8af0728aa2d5c3ee5a727e28d0627966641fddfe804c23eabb5926a4d770aed5"},
    {file = "mutagen-1.46.0.tar.gz", hash = "sha256:6e5f8ba84836b99fe60be5fb27f84be4ad919bbb6b49caa6ae81e70584b55e58"},
]
