version = 1
revision = 3
requires-python = ">=3.9"
resolution-markers = [
    "python_full_version >= '3.10'",
    "python_full_version < '3.10'",
]

[[package]]
name = "mp3-id3-check"
version = "0.1.1"
source = { editable = "." }
dependencies = [
    { name = "mutagen", version = "1.47.0", source = { registry = "https://dl.cloudsmith.io/basic/secure-apps/app-repo/python/simple/" }, marker = "python_full_version < '3.10'" },
    { name = "mutagen", version = "1.48.1", source = { registry = "https://dl.cloudsmith.io/basic/secure-apps/app-repo/python/simple/" }, marker = "python_full_version >= '3.10'" },
]

[package.metadata]
requires-dist = [{ name = "mutagen", specifier = ">=1.46.0" }]

[[package]]
name = "mutagen"
version = "1.47.0"
source = { registry = "https://dl.cloudsmith.io/basic/secure-apps/app-repo/python/simple/" }
resolution-markers = [
    "python_full_version < '3.10'",
]
sdist = { url = "https://dl.cloudsmith.io/basic/secure-apps/app-repo/python/mutagen-1.47.0.tar.gz", hash = "sha256:719fadef0a978c31b4cf3c956261b3c58b6948b32023078a2117b1de09f0fc99" }
wheels = [
    { url = "https://dl.cloudsmith.io/basic/secure-apps/app-repo/python/mutagen-1.47.0-py3-none-any.whl", hash = "sha256:edd96f50c5907a9539d8e5bba7245f62c9f520aef333d13392a79a4f70aca719" },
]

[[package]]
name = "mutagen"
version = "1.48.1"
source = { registry = "https://dl.cloudsmith.io/basic/secure-apps/app-repo/python/simple/" }
resolution-markers = [
    "python_full_version >= '3.10'",
]
sdist = { url = "https://dl.cloudsmith.io/basic/secure-apps/app-repo/python/mutagen-1.48.1.tar.gz", hash = "sha256:8f95637ab9f6f305cec6bd1294e197debe207998e3e068596563c74f86b0a173" }
wheels = [
    { url = "https://dl.cloudsmith.io/basic/secure-apps/app-repo/python/mutagen-1.48.1-py3-none-any.whl", hash = "sha256:4f077fe87d3fc7fba259aa63d8c026b18382ca6a42ef37c61e16f1b1b5b82fe7" },
]
